
Microsoft Visual Studio Solution File, Format Version 12.00
# Visual Studio Version 17
VisualStudioVersion = 17.2.32630.192
MinimumVisualStudioVersion = 10.0.40219.1
Project("{9A19103F-16F7-4668-BE54-9A1E7A4F7556}") = "R5T.T0187.Construction", "R5T.T0187.Construction\R5T.T0187.Construction.csproj", "{D439038D-3B80-48B2-9F2D-0046CA86E96A}"
EndProject
Project("{9A19103F-16F7-4668-BE54-9A1E7A4F7556}") = "R5T.T0187", "R5T.T0187\R5T.T0187.csproj", "{29F89A53-0FB0-4178-B0C2-079D58BF0DC6}"
EndProject
Global
	GlobalSection(SolutionConfigurationPlatforms) = preSolution
		Debug|Any CPU = Debug|Any CPU
		Release|Any CPU = Release|Any CPU
	EndGlobalSection
	GlobalSection(ProjectConfigurationPlatforms) = postSolution
		{D439038D-3B80-48B2-9F2D-0046CA86E96A}.Debug|Any CPU.ActiveCfg = Debug|Any CPU
		{D439038D-3B80-48B2-9F2D-0046CA86E96A}.Debug|Any CPU.Build.0 = Debug|Any CPU
		{D439038D-3B80-48B2-9F2D-0046CA86E96A}.Release|Any CPU.ActiveCfg = Release|Any CPU
		{D439038D-3B80-48B2-9F2D-0046CA86E96A}.Release|Any CPU.Build.0 = Release|Any CPU
		{29F89A53-0FB0-4178-B0C2-079D58BF0DC6}.Debug|Any CPU.ActiveCfg = Debug|Any CPU
		{29F89A53-0FB0-4178-B0C2-079D58BF0DC6}.Debug|Any CPU.Build.0 = Debug|Any CPU
		{29F89A53-0FB0-4178-B0C2-079D58BF0DC6}.Release|Any CPU.ActiveCfg = Release|Any CPU
		{29F89A53-0FB0-4178-B0C2-079D58BF0DC6}.Release|Any CPU.Build.0 = Release|Any CPU
	EndGlobalSection
	GlobalSection(SolutionProperties) = preSolution
		HideSolutionNode = FALSE
	EndGlobalSection
	GlobalSection(ExtensibilityGlobals) = postSolution
		SolutionGuid = {19CC4504-92B8-4B71-AC75-58F94FB500C6}
	EndGlobalSection
EndGlobal
